{
  "name": "unissa-poc",
  "version": "1.0.0",
  "lockfileVersion": 3,
  "requires": true,
  "packages": {
    "": {
      "name": "unissa-poc",
      "version": "1.0.0",
      "workspaces": [
        "backend",
        "frontend"
      ],
      "devDependencies": {
        "concurrently": "^8.2.2"
      }
    },
    "backend": {
      "version": "1.0.0",
      "dependencies": {
        "@prisma/client": "^5.20.0",
        "bcryptjs": "^2.4.3",
        "cors": "^2.8.5",
        "date-fns": "^3.6.0",
        "dotenv": "^16.4.5",
        "express": "^4.21.0",
        "helmet": "^8.0.0",
        "jsonwebtoken": "^9.0.2",
        "morgan": "^1.10.0",
        "multer": "^1.4.5-lts.1",
        "nodemailer": "^6.9.15",
        "uuid": "^10.0.0",
        "web-push": "^3.6.7",
        "zod": "^3.23.8"
      },
      "devDependencies": {
        "@types/bcryptjs": "^2.4.6",
        "@types/cors": "^2.8.17",
        "@types/express": "^5.0.0",
        "@types/jsonwebtoken": "^9.0.7",
        "@types/morgan": "^1.9.9",
        "@types/multer": "^1.4.12",
        "@types/node": "^22.7.5",
        "@types/nodemailer": "^6.4.16",
        "@types/uuid": "^10.0.0",
        "@types/web-push": "^3.6.3",
        "@vitest/ui": "^2.1.1",
        "prisma": "^5.20.0",
        "tsx": "^4.19.1",
        "typescript": "^5.5.3",
        "vitest": "^2.1.1"
      }
    },
    "backend/node_modules/@prisma/client": {},
    "backend/node_modules/@types/bcryptjs": {
      "dev": true
    },
    "backend/node_modules/@types/cors": {
      "dev": true
    },
    "backend/node_modules/@types/express": {
      "dev": true
    },
    "backend/node_modules/@types/jsonwebtoken": {
      "dev": true
    },
    "backend/node_modules/@types/morgan": {
      "dev": true
    },
    "backend/node_modules/@types/multer": {
      "dev": true
    },
    "backend/node_modules/@types/node": {
      "dev": true
    },
    "backend/node_modules/@types/nodemailer": {
      "dev": true
    },
    "backend/node_modules/@types/uuid": {
      "dev": true
    },
    "backend/node_modules/@types/web-push": {
      "dev": true
    },
    "backend/node_modules/bcryptjs": {},
    "backend/node_modules/cors": {},
    "backend/node_modules/date-fns": {},
    "backend/node_modules/dotenv": {},
    "backend/node_modules/express": {},
    "backend/node_modules/helmet": {},
    "backend/node_modules/jsonwebtoken": {},
    "backend/node_modules/morgan": {},
    "backend/node_modules/multer": {},
    "backend/node_modules/nodemailer": {},
    "backend/node_modules/prisma": {
      "dev": true
    },
    "backend/node_modules/tsx": {
      "dev": true
    },
    "backend/node_modules/typescript": {
      "dev": true
    },
    "backend/node_modules/uuid": {},
    "backend/node_modules/web-push": {},
    "backend/node_modules/zod": {},
    "frontend": {
      "version": "1.0.0",
      "dependencies": {
        "@ant-design/icons": "^6.1.0",
        "@hookform/resolvers": "^3.9.0",
        "@tanstack/react-query": "^5.56.2",
        "@tanstack/react-query-devtools": "^5.56.2",
        "@tremor/react": "^3.18.3",
        "antd": "^6.3.4",
        "axios": "^1.7.7",
        "clsx": "^2.1.1",
        "date-fns": "^3.6.0",
        "dayjs": "^1.11.20",
        "html5-qrcode": "^2.3.8",
        "i18next": "^25.10.9",
        "jsqr": "^1.4.0",
        "lucide-react": "^0.447.0",
        "react": "^18.3.1",
        "react-dom": "^18.3.1",
        "react-hook-form": "^7.53.0",
        "react-i18next": "^16.6.6",
        "react-router-dom": "^6.26.2",
        "recharts": "^2.12.7",
        "zod": "^3.23.8",
        "zustand": "^4.5.5"
      },
      "devDependencies": {
        "@testing-library/jest-dom": "npm:null@^6.5.0",
        "@testing-library/react": "npm:null@^16.0.1",
        "@testing-library/user-event": "npm:null@^14.5.2",
        "@types/react": "^18.3.10",
        "@types/react-dom": "^18.3.0",
        "@typescript-eslint/eslint-plugin": "^8.8.0",
        "@typescript-eslint/parser": "^8.8.0",
        "@vitejs/plugin-react": "^4.3.2",
        "@vitest/ui": "^2.1.1",
        "eslint": "^9.11.1",
        "eslint-plugin-react-hooks": "^5.1.0",
        "eslint-plugin-react-refresh": "^0.4.12",
        "happy-dom": "^20.8.9",
        "jsdom": "npm:null@^25.0.1",
        "prettier": "^3.3.3",
        "sass": "^1.79.4",
        "typescript": "^5.5.3",
        "vite": "^5.4.8",
        "vite-plugin-pwa": "^0.20.5",
        "vitest": "^2.1.1"
      }
    },
    "frontend/node_modules/@ant-design/icons": {},
    "frontend/node_modules/@hookform/resolvers": {},
    "frontend/node_modules/@tanstack/react-query": {},
    "frontend/node_modules/@tanstack/react-query-devtools": {},
    "frontend/node_modules/@testing-library/jest-dom": {
      "dev": true
    },
    "frontend/node_modules/@testing-library/react": {
      "dev": true
    },
    "frontend/node_modules/@testing-library/user-event": {
      "dev": true
    },
    "frontend/node_modules/@tremor/react": {},
    "frontend/node_modules/@types/react": {
      "dev": true
    },
    "frontend/node_modules/@types/react-dom": {
      "dev": true
    },
    "frontend/node_modules/@typescript-eslint/eslint-plugin": {
      "dev": true
    },
    "frontend/node_modules/@typescript-eslint/parser": {
      "dev": true
    },
    "frontend/node_modules/@vitejs/plugin-react": {
      "dev": true
    },
    "frontend/node_modules/@vitest/ui": {
      "dev": true
    },
    "frontend/node_modules/antd": {},
    "frontend/node_modules/axios": {},
    "frontend/node_modules/clsx": {},
    "frontend/node_modules/date-fns": {},
    "frontend/node_modules/dayjs": {},
    "frontend/node_modules/eslint": {
      "dev": true
    },
    "frontend/node_modules/eslint-plugin-react-hooks": {
      "dev": true
    },
    "frontend/node_modules/eslint-plugin-react-refresh": {
      "dev": true
    },
    "frontend/node_modules/html5-qrcode": {},
    "frontend/node_modules/i18next": {},
    "frontend/node_modules/jsdom": {
      "dev": true
    },
    "frontend/node_modules/jsqr": {},
    "frontend/node_modules/lucide-react": {},
    "frontend/node_modules/prettier": {
      "dev": true
    },
    "frontend/node_modules/react": {},
    "frontend/node_modules/react-dom": {},
    "frontend/node_modules/react-hook-form": {},
    "frontend/node_modules/react-i18next": {},
    "frontend/node_modules/react-router-dom": {},
    "frontend/node_modules/recharts": {},
    "frontend/node_modules/sass": {
      "dev": true
    },
    "frontend/node_modules/typescript": {
      "dev": true
    },
    "frontend/node_modules/vite": {
      "dev": true
    },
    "frontend/node_modules/vite-plugin-pwa": {
      "dev": true
    },
    "frontend/node_modules/vitest": {
      "dev": true
    },
    "frontend/node_modules/zod": {},
    "frontend/node_modules/zustand": {},
    "node_modules/@babel/runtime": {
      "version": "7.29.2",
      "dev": true,
      "license": "MIT",
      "engines": {
        "node": ">=6.9.0"
      }
    },
    "node_modules/@jridgewell/sourcemap-codec": {
      "version": "1.5.5",
      "dev": true,
      "license": "MIT"
    },
    "node_modules/@polka/url": {
      "version": "1.0.0-next.29",
      "dev": true,
      "license": "MIT"
    },
    "node_modules/@rollup/rollup-darwin-x64": {
      "version": "4.60.1",
      "cpu": [
        "x64"
      ],
      "dev": true,
      "license": "MIT",
      "optional": true,
      "os": [
        "darwin"
      ]
    },
    "node_modules/@types/estree": {
      "version": "1.0.8",
      "dev": true,
      "license": "MIT"
    },
    "node_modules/@types/node": {
      "version": "22.19.15",
      "dev": true,
      "license": "MIT",
      "dependencies": {
        "undici-types": "~6.21.0"
      }
    },
    "node_modules/@types/node/node_modules/undici-types": {
      "version": "6.21.0",
      "dev": true,
      "license": "MIT"
    },
    "node_modules/@types/whatwg-mimetype": {
      "version": "3.0.2",
      "resolved": "https://registry.npmjs.org/@types/whatwg-mimetype/-/whatwg-mimetype-3.0.2.tgz",
      "integrity": "sha512-c2AKvDT8ToxLIOUlN51gTiHXflsfIFisS4pO7pDPoKouJCESkhZnEy623gwP9laCy5lnLDAw1vAzu2vM2YLOrA==",
      "dev": true,
      "license": "MIT"
    },
    "node_modules/@types/ws": {
      "version": "8.18.1",
      "resolved": "https://registry.npmjs.org/@types/ws/-/ws-8.18.1.tgz",
      "integrity": "sha512-ThVF6DCVhA8kUGy+aazFQ4kXQ7E1Ty7A3ypFOe0IcJV8O/M511G99AW24irKrW56Wt44yG9+ij8FaqoBGkuBXg==",
      "dev": true,
      "license": "MIT",
      "dependencies": {
        "@types/node": "*"
      }
    },
    "node_modules/@vitest/expect": {
      "version": "2.1.9",
      "dev": true,
      "license": "MIT",
      "dependencies": {
        "@vitest/spy": "2.1.9",
        "@vitest/utils": "2.1.9",
        "chai": "^5.1.2",
        "tinyrainbow": "^1.2.0"
      },
      "funding": {
        "url": "https://opencollective.com/vitest"
      }
    },
    "node_modules/@vitest/mocker": {
      "version": "2.1.9",
      "dev": true,
      "license": "MIT",
      "dependencies": {
        "@vitest/spy": "2.1.9",
        "estree-walker": "^3.0.3",
        "magic-string": "^0.30.12"
      },
      "funding": {
        "url": "https://opencollective.com/vitest"
      },
      "peerDependencies": {
        "msw": "^2.4.9",
        "vite": "^5.0.0"
      },
      "peerDependenciesMeta": {
        "msw": {
          "optional": true
        },
        "vite": {
          "optional": true
        }
      }
    },
    "node_modules/@vitest/pretty-format": {
      "version": "2.1.9",
      "dev": true,
      "license": "MIT",
      "dependencies": {
        "tinyrainbow": "^1.2.0"
      },
      "funding": {
        "url": "https://opencollective.com/vitest"
      }
    },
    "node_modules/@vitest/runner": {
      "version": "2.1.9",
      "dev": true,
      "license": "MIT",
      "dependencies": {
        "@vitest/utils": "2.1.9",
        "pathe": "^1.1.2"
      },
      "funding": {
        "url": "https://opencollective.com/vitest"
      }
    },
    "node_modules/@vitest/snapshot": {
      "version": "2.1.9",
      "dev": true,
      "license": "MIT",
      "dependencies": {
        "@vitest/pretty-format": "2.1.9",
        "magic-string": "^0.30.12",
        "pathe": "^1.1.2"
      },
      "funding": {
        "url": "https://opencollective.com/vitest"
      }
    },
    "node_modules/@vitest/spy": {
      "version": "2.1.9",
      "dev": true,
      "license": "MIT",
      "dependencies": {
        "tinyspy": "^3.0.2"
      },
      "funding": {
        "url": "https://opencollective.com/vitest"
      }
    },
    "node_modules/@vitest/ui": {
      "version": "2.1.9",
      "dev": true,
      "license": "MIT",
      "dependencies": {
        "@vitest/utils": "2.1.9",
        "fflate": "^0.8.2",
        "flatted": "^3.3.1",
        "pathe": "^1.1.2",
        "sirv": "^3.0.0",
        "tinyglobby": "^0.2.10",
        "tinyrainbow": "^1.2.0"
      },
      "funding": {
        "url": "https://opencollective.com/vitest"
      },
      "peerDependencies": {
        "vitest": "2.1.9"
      }
    },
    "node_modules/@vitest/utils": {
      "version": "2.1.9",
      "dev": true,
      "license": "MIT",
      "dependencies": {
        "@vitest/pretty-format": "2.1.9",
        "loupe": "^3.1.2",
        "tinyrainbow": "^1.2.0"
      },
      "funding": {
        "url": "https://opencollective.com/vitest"
      }
    },
    "node_modules/ansi-regex": {
      "version": "5.0.1",
      "dev": true,
      "license": "MIT",
      "engines": {
        "node": ">=8"
      }
    },
    "node_modules/ansi-styles": {
      "version": "4.3.0",
      "dev": true,
      "license": "MIT",
      "dependencies": {
        "color-convert": "^2.0.1"
      },
      "engines": {
        "node": ">=8"
      },
      "funding": {
        "url": "https://github.com/chalk/ansi-styles?sponsor=1"
      }
    },
    "node_modules/assertion-error": {
      "version": "2.0.1",
      "dev": true,
      "license": "MIT",
      "engines": {
        "node": ">=12"
      }
    },
    "node_modules/backend": {
      "resolved": "backend",
      "link": true
    },
    "node_modules/cac": {
      "version": "6.7.14",
      "dev": true,
      "license": "MIT",
      "engines": {
        "node": ">=8"
      }
    },
    "node_modules/chai": {
      "version": "5.3.3",
      "dev": true,
      "license": "MIT",
      "dependencies": {
        "assertion-error": "^2.0.1",
        "check-error": "^2.1.1",
        "deep-eql": "^5.0.1",
        "loupe": "^3.1.0",
        "pathval": "^2.0.0"
      },
      "engines": {
        "node": ">=18"
      }
    },
    "node_modules/chalk": {
      "version": "4.1.2",
      "dev": true,
      "license": "MIT",
      "dependencies": {
        "ansi-styles": "^4.1.0",
        "supports-color": "^7.1.0"
      },
      "engines": {
        "node": ">=10"
      },
      "funding": {
        "url": "https://github.com/chalk/chalk?sponsor=1"
      }
    },
    "node_modules/check-error": {
      "version": "2.1.3",
      "dev": true,
      "license": "MIT",
      "engines": {
        "node": ">= 16"
      }
    },
    "node_modules/cliui": {
      "version": "8.0.1",
      "dev": true,
      "license": "ISC",
      "dependencies": {
        "string-width": "^4.2.0",
        "strip-ansi": "^6.0.1",
        "wrap-ansi": "^7.0.0"
      },
      "engines": {
        "node": ">=12"
      }
    },
    "node_modules/color-convert": {
      "version": "2.0.1",
      "dev": true,
      "license": "MIT",
      "dependencies": {
        "color-name": "~1.1.4"
      },
      "engines": {
        "node": ">=7.0.0"
      }
    },
    "node_modules/color-name": {
      "version": "1.1.4",
      "dev": true,
      "license": "MIT"
    },
    "node_modules/concurrently": {
      "version": "8.2.2",
      "dev": true,
      "license": "MIT",
      "dependencies": {
        "chalk": "^4.1.2",
        "date-fns": "^2.30.0",
        "lodash": "^4.17.21",
        "rxjs": "^7.8.1",
        "shell-quote": "^1.8.1",
        "spawn-command": "0.0.2",
        "supports-color": "^8.1.1",
        "tree-kill": "^1.2.2",
        "yargs": "^17.7.2"
      },
      "bin": {
        "conc": "dist/bin/concurrently.js",
        "concurrently": "dist/bin/concurrently.js"
      },
      "engines": {
        "node": "^14.13.0 || >=16.0.0"
      },
      "funding": {
        "url": "https://github.com/open-cli-tools/concurrently?sponsor=1"
      }
    },
    "node_modules/concurrently/node_modules/date-fns": {
      "version": "2.30.0",
      "dev": true,
      "license": "MIT",
      "dependencies": {
        "@babel/runtime": "^7.21.0"
      },
      "engines": {
        "node": ">=0.11"
      },
      "funding": {
        "type": "opencollective",
        "url": "https://opencollective.com/date-fns"
      }
    },
    "node_modules/concurrently/node_modules/supports-color": {
      "version": "8.1.1",
      "dev": true,
      "license": "MIT",
      "dependencies": {
        "has-flag": "^4.0.0"
      },
      "engines": {
        "node": ">=10"
      },
      "funding": {
        "url": "https://github.com/chalk/supports-color?sponsor=1"
      }
    },
    "node_modules/debug": {
      "version": "4.4.3",
      "dev": true,
      "license": "MIT",
      "dependencies": {
        "ms": "^2.1.3"
      },
      "engines": {
        "node": ">=6.0"
      },
      "peerDependenciesMeta": {
        "supports-color": {
          "optional": true
        }
      }
    },
    "node_modules/deep-eql": {
      "version": "5.0.2",
      "dev": true,
      "license": "MIT",
      "engines": {
        "node": ">=6"
      }
    },
    "node_modules/emoji-regex": {
      "version": "8.0.0",
      "dev": true,
      "license": "MIT"
    },
    "node_modules/es-module-lexer": {
      "version": "1.7.0",
      "dev": true,
      "license": "MIT"
    },
    "node_modules/escalade": {
      "version": "3.2.0",
      "dev": true,
      "license": "MIT",
      "engines": {
        "node": ">=6"
      }
    },
    "node_modules/estree-walker": {
      "version": "3.0.3",
      "dev": true,
      "license": "MIT",
      "dependencies": {
        "@types/estree": "^1.0.0"
      }
    },
    "node_modules/expect-type": {
      "version": "1.3.0",
      "dev": true,
      "license": "Apache-2.0",
      "engines": {
        "node": ">=12.0.0"
      }
    },
    "node_modules/fdir": {
      "version": "6.5.0",
      "dev": true,
      "license": "MIT",
      "engines": {
        "node": ">=12.0.0"
      },
      "peerDependencies": {
        "picomatch": "^3 || ^4"
      },
      "peerDependenciesMeta": {
        "picomatch": {
          "optional": true
        }
      }
    },
    "node_modules/fflate": {
      "version": "0.8.2",
      "dev": true,
      "license": "MIT"
    },
    "node_modules/flatted": {
      "version": "3.4.2",
      "dev": true,
      "license": "ISC"
    },
    "node_modules/frontend": {
      "resolved": "frontend",
      "link": true
    },
    "node_modules/fsevents": {
      "version": "2.3.3",
      "dev": true,
      "license": "MIT",
      "optional": true,
      "os": [
        "darwin"
      ],
      "engines": {
        "node": "^8.16.0 || ^10.6.0 || >=11.0.0"
      }
    },
    "node_modules/get-caller-file": {
      "version": "2.0.5",
      "dev": true,
      "license": "ISC",
      "engines": {
        "node": "6.* || 8.* || >= 10.*"
      }
    },
    "node_modules/happy-dom": {
      "version": "20.8.9",
      "resolved": "https://registry.npmjs.org/happy-dom/-/happy-dom-20.8.9.tgz",
      "integrity": "sha512-Tz23LR9T9jOGVZm2x1EPdXqwA37G/owYMxRwU0E4miurAtFsPMQ1d2Jc2okUaSjZqAFz2oEn3FLXC5a0a+siyA==",
      "dev": true,
      "license": "MIT",
      "dependencies": {
        "@types/node": ">=20.0.0",
        "@types/whatwg-mimetype": "^3.0.2",
        "@types/ws": "^8.18.1",
        "entities": "^7.0.1",
        "whatwg-mimetype": "^3.0.0",
        "ws": "^8.18.3"
      },
      "engines": {
        "node": ">=20.0.0"
      }
    },
    "node_modules/happy-dom/node_modules/entities": {
      "version": "7.0.1",
      "resolved": "https://registry.npmjs.org/entities/-/entities-7.0.1.tgz",
      "integrity": "sha512-TWrgLOFUQTH994YUyl1yT4uyavY5nNB5muff+RtWaqNVCAK408b5ZnnbNAUEWLTCpum9w6arT70i1XdQ4UeOPA==",
      "dev": true,
      "license": "BSD-2-Clause",
      "engines": {
        "node": ">=0.12"
      },
      "funding": {
        "url": "https://github.com/fb55/entities?sponsor=1"
      }
    },
    "node_modules/happy-dom/node_modules/whatwg-mimetype": {
      "version": "3.0.0",
      "resolved": "https://registry.npmjs.org/whatwg-mimetype/-/whatwg-mimetype-3.0.0.tgz",
      "integrity": "sha512-nt+N2dzIutVRxARx1nghPKGv1xHikU7HKdfafKkLNLindmPU/ch3U31NOCGGA/dmPcmb1VlofO0vnKAcsm0o/Q==",
      "dev": true,
      "license": "MIT",
      "engines": {
        "node": ">=12"
      }
    },
    "node_modules/has-flag": {
      "version": "4.0.0",
      "dev": true,
      "license": "MIT",
      "engines": {
        "node": ">=8"
      }
    },
    "node_modules/is-fullwidth-code-point": {
      "version": "3.0.0",
      "dev": true,
      "license": "MIT",
      "engines": {
        "node": ">=8"
      }
    },
    "node_modules/lodash": {
      "version": "4.17.23",
      "dev": true,
      "license": "MIT"
    },
    "node_modules/loupe": {
      "version": "3.2.1",
      "dev": true,
      "license": "MIT"
    },
    "node_modules/magic-string": {
      "version": "0.30.21",
      "dev": true,
      "license": "MIT",
      "dependencies": {
        "@jridgewell/sourcemap-codec": "^1.5.5"
      }
    },
    "node_modules/mrmime": {
      "version": "2.0.1",
      "dev": true,
      "license": "MIT",
      "engines": {
        "node": ">=10"
      }
    },
    "node_modules/ms": {
      "version": "2.1.3",
      "dev": true,
      "license": "MIT"
    },
    "node_modules/nanoid": {
      "version": "3.3.11",
      "dev": true,
      "funding": [
        {
          "type": "github",
          "url": "https://github.com/sponsors/ai"
        }
      ],
      "license": "MIT",
      "bin": {
        "nanoid": "bin/nanoid.cjs"
      },
      "engines": {
        "node": "^10 || ^12 || ^13.7 || ^14 || >=15.0.1"
      }
    },
    "node_modules/pathe": {
      "version": "1.1.2",
      "dev": true,
      "license": "MIT"
    },
    "node_modules/pathval": {
      "version": "2.0.1",
      "dev": true,
      "license": "MIT",
      "engines": {
        "node": ">= 14.16"
      }
    },
    "node_modules/picocolors": {
      "version": "1.1.1",
      "dev": true,
      "license": "ISC"
    },
    "node_modules/picomatch": {
      "version": "4.0.4",
      "dev": true,
      "license": "MIT",
      "engines": {
        "node": ">=12"
      },
      "funding": {
        "url": "https://github.com/sponsors/jonschlinkert"
      }
    },
    "node_modules/postcss": {
      "version": "8.5.8",
      "dev": true,
      "funding": [
        {
          "type": "opencollective",
          "url": "https://opencollective.com/postcss/"
        },
        {
          "type": "tidelift",
          "url": "https://tidelift.com/funding/github/npm/postcss"
        },
        {
          "type": "github",
          "url": "https://github.com/sponsors/ai"
        }
      ],
      "license": "MIT",
      "dependencies": {
        "nanoid": "^3.3.11",
        "picocolors": "^1.1.1",
        "source-map-js": "^1.2.1"
      },
      "engines": {
        "node": "^10 || ^12 || >=14"
      }
    },
    "node_modules/require-directory": {
      "version": "2.1.1",
      "dev": true,
      "license": "MIT",
      "engines": {
        "node": ">=0.10.0"
      }
    },
    "node_modules/rxjs": {
      "version": "7.8.2",
      "dev": true,
      "license": "Apache-2.0",
      "dependencies": {
        "tslib": "^2.1.0"
      }
    },
    "node_modules/shell-quote": {
      "version": "1.8.3",
      "dev": true,
      "license": "MIT",
      "engines": {
        "node": ">= 0.4"
      },
      "funding": {
        "url": "https://github.com/sponsors/ljharb"
      }
    },
    "node_modules/siginfo": {
      "version": "2.0.0",
      "dev": true,
      "license": "ISC"
    },
    "node_modules/sirv": {
      "version": "3.0.2",
      "dev": true,
      "license": "MIT",
      "dependencies": {
        "@polka/url": "^1.0.0-next.24",
        "mrmime": "^2.0.0",
        "totalist": "^3.0.0"
      },
      "engines": {
        "node": ">=18"
      }
    },
    "node_modules/source-map-js": {
      "version": "1.2.1",
      "dev": true,
      "license": "BSD-3-Clause",
      "engines": {
        "node": ">=0.10.0"
      }
    },
    "node_modules/spawn-command": {
      "version": "0.0.2",
      "dev": true
    },
    "node_modules/stackback": {
      "version": "0.0.2",
      "dev": true,
      "license": "MIT"
    },
    "node_modules/std-env": {
      "version": "3.10.0",
      "dev": true,
      "license": "MIT"
    },
    "node_modules/string-width": {
      "version": "4.2.3",
      "dev": true,
      "license": "MIT",
      "dependencies": {
        "emoji-regex": "^8.0.0",
        "is-fullwidth-code-point": "^3.0.0",
        "strip-ansi": "^6.0.1"
      },
      "engines": {
        "node": ">=8"
      }
    },
    "node_modules/strip-ansi": {
      "version": "6.0.1",
      "dev": true,
      "license": "MIT",
      "dependencies": {
        "ansi-regex": "^5.0.1"
      },
      "engines": {
        "node": ">=8"
      }
    },
    "node_modules/supports-color": {
      "version": "7.2.0",
      "dev": true,
      "license": "MIT",
      "dependencies": {
        "has-flag": "^4.0.0"
      },
      "engines": {
        "node": ">=8"
      }
    },
    "node_modules/tinybench": {
      "version": "2.9.0",
      "dev": true,
      "license": "MIT"
    },
    "node_modules/tinyexec": {
      "version": "0.3.2",
      "dev": true,
      "license": "MIT"
    },
    "node_modules/tinyglobby": {
      "version": "0.2.15",
      "dev": true,
      "license": "MIT",
      "dependencies": {
        "fdir": "^6.5.0",
        "picomatch": "^4.0.3"
      },
      "engines": {
        "node": ">=12.0.0"
      },
      "funding": {
        "url": "https://github.com/sponsors/SuperchupuDev"
      }
    },
    "node_modules/tinypool": {
      "version": "1.1.1",
      "dev": true,
      "license": "MIT",
      "engines": {
        "node": "^18.0.0 || >=20.0.0"
      }
    },
    "node_modules/tinyrainbow": {
      "version": "1.2.0",
      "dev": true,
      "license": "MIT",
      "engines": {
        "node": ">=14.0.0"
      }
    },
    "node_modules/tinyspy": {
      "version": "3.0.2",
      "dev": true,
      "license": "MIT",
      "engines": {
        "node": ">=14.0.0"
      }
    },
    "node_modules/totalist": {
      "version": "3.0.1",
      "dev": true,
      "license": "MIT",
      "engines": {
        "node": ">=6"
      }
    },
    "node_modules/tree-kill": {
      "version": "1.2.2",
      "dev": true,
      "license": "MIT",
      "bin": {
        "tree-kill": "cli.js"
      }
    },
    "node_modules/tslib": {
      "version": "2.8.1",
      "dev": true,
      "license": "0BSD"
    },
    "node_modules/vite": {
      "version": "5.4.21",
      "dev": true,
      "license": "MIT",
      "dependencies": {
        "esbuild": "^0.21.3",
        "postcss": "^8.4.43",
        "rollup": "^4.20.0"
      },
      "bin": {
        "vite": "bin/vite.js"
      },
      "engines": {
        "node": "^18.0.0 || >=20.0.0"
      },
      "funding": {
        "url": "https://github.com/vitejs/vite?sponsor=1"
      },
      "optionalDependencies": {
        "fsevents": "~2.3.3"
      },
      "peerDependencies": {
        "@types/node": "^18.0.0 || >=20.0.0",
        "less": "*",
        "lightningcss": "^1.21.0",
        "sass": "*",
        "sass-embedded": "*",
        "stylus": "*",
        "sugarss": "*",
        "terser": "^5.4.0"
      },
      "peerDependenciesMeta": {
        "@types/node": {
          "optional": true
        },
        "less": {
          "optional": true
        },
        "lightningcss": {
          "optional": true
        },
        "sass": {
          "optional": true
        },
        "sass-embedded": {
          "optional": true
        },
        "stylus": {
          "optional": true
        },
        "sugarss": {
          "optional": true
        },
        "terser": {
          "optional": true
        }
      }
    },
    "node_modules/vite-node": {
      "version": "2.1.9",
      "dev": true,
      "license": "MIT",
      "dependencies": {
        "cac": "^6.7.14",
        "debug": "^4.3.7",
        "es-module-lexer": "^1.5.4",
        "pathe": "^1.1.2",
        "vite": "^5.0.0"
      },
      "bin": {
        "vite-node": "vite-node.mjs"
      },
      "engines": {
        "node": "^18.0.0 || >=20.0.0"
      },
      "funding": {
        "url": "https://opencollective.com/vitest"
      }
    },
    "node_modules/vite/node_modules/@esbuild/darwin-x64": {
      "version": "0.21.5",
      "cpu": [
        "x64"
      ],
      "dev": true,
      "license": "MIT",
      "optional": true,
      "os": [
        "darwin"
      ],
      "engines": {
        "node": ">=12"
      }
    },
    "node_modules/vite/node_modules/esbuild": {
      "version": "0.21.5",
      "dev": true,
      "hasInstallScript": true,
      "license": "MIT",
      "bin": {
        "esbuild": "bin/esbuild"
      },
      "engines": {
        "node": ">=12"
      },
      "optionalDependencies": {
        "@esbuild/aix-ppc64": "0.21.5",
        "@esbuild/android-arm": "0.21.5",
        "@esbuild/android-arm64": "0.21.5",
        "@esbuild/android-x64": "0.21.5",
        "@esbuild/darwin-arm64": "0.21.5",
        "@esbuild/darwin-x64": "0.21.5",
        "@esbuild/freebsd-arm64": "0.21.5",
        "@esbuild/freebsd-x64": "0.21.5",
        "@esbuild/linux-arm": "0.21.5",
        "@esbuild/linux-arm64": "0.21.5",
        "@esbuild/linux-ia32": "0.21.5",
        "@esbuild/linux-loong64": "0.21.5",
        "@esbuild/linux-mips64el": "0.21.5",
        "@esbuild/linux-ppc64": "0.21.5",
        "@esbuild/linux-riscv64": "0.21.5",
        "@esbuild/linux-s390x": "0.21.5",
        "@esbuild/linux-x64": "0.21.5",
        "@esbuild/netbsd-x64": "0.21.5",
        "@esbuild/openbsd-x64": "0.21.5",
        "@esbuild/sunos-x64": "0.21.5",
        "@esbuild/win32-arm64": "0.21.5",
        "@esbuild/win32-ia32": "0.21.5",
        "@esbuild/win32-x64": "0.21.5"
      }
    },
    "node_modules/vite/node_modules/rollup": {
      "version": "4.60.1",
      "dev": true,
      "license": "MIT",
      "dependencies": {
        "@types/estree": "1.0.8"
      },
      "bin": {
        "rollup": "dist/bin/rollup"
      },
      "engines": {
        "node": ">=18.0.0",
        "npm": ">=8.0.0"
      },
      "optionalDependencies": {
        "@rollup/rollup-android-arm-eabi": "4.60.1",
        "@rollup/rollup-android-arm64": "4.60.1",
        "@rollup/rollup-darwin-arm64": "4.60.1",
        "@rollup/rollup-darwin-x64": "4.60.1",
        "@rollup/rollup-freebsd-arm64": "4.60.1",
        "@rollup/rollup-freebsd-x64": "4.60.1",
        "@rollup/rollup-linux-arm-gnueabihf": "4.60.1",
        "@rollup/rollup-linux-arm-musleabihf": "4.60.1",
        "@rollup/rollup-linux-arm64-gnu": "4.60.1",
        "@rollup/rollup-linux-arm64-musl": "4.60.1",
        "@rollup/rollup-linux-loong64-gnu": "4.60.1",
        "@rollup/rollup-linux-loong64-musl": "4.60.1",
        "@rollup/rollup-linux-ppc64-gnu": "4.60.1",
        "@rollup/rollup-linux-ppc64-musl": "4.60.1",
        "@rollup/rollup-linux-riscv64-gnu": "4.60.1",
        "@rollup/rollup-linux-riscv64-musl": "4.60.1",
        "@rollup/rollup-linux-s390x-gnu": "4.60.1",
        "@rollup/rollup-linux-x64-gnu": "4.60.1",
        "@rollup/rollup-linux-x64-musl": "4.60.1",
        "@rollup/rollup-openbsd-x64": "4.60.1",
        "@rollup/rollup-openharmony-arm64": "4.60.1",
        "@rollup/rollup-win32-arm64-msvc": "4.60.1",
        "@rollup/rollup-win32-ia32-msvc": "4.60.1",
        "@rollup/rollup-win32-x64-gnu": "4.60.1",
        "@rollup/rollup-win32-x64-msvc": "4.60.1",
        "fsevents": "~2.3.2"
      }
    },
    "node_modules/vitest": {
      "version": "2.1.9",
      "dev": true,
      "license": "MIT",
      "dependencies": {
        "@vitest/expect": "2.1.9",
        "@vitest/mocker": "2.1.9",
        "@vitest/pretty-format": "^2.1.9",
        "@vitest/runner": "2.1.9",
        "@vitest/snapshot": "2.1.9",
        "@vitest/spy": "2.1.9",
        "@vitest/utils": "2.1.9",
        "chai": "^5.1.2",
        "debug": "^4.3.7",
        "expect-type": "^1.1.0",
        "magic-string": "^0.30.12",
        "pathe": "^1.1.2",
        "std-env": "^3.8.0",
        "tinybench": "^2.9.0",
        "tinyexec": "^0.3.1",
        "tinypool": "^1.0.1",
        "tinyrainbow": "^1.2.0",
        "vite": "^5.0.0",
        "vite-node": "2.1.9",
        "why-is-node-running": "^2.3.0"
      },
      "bin": {
        "vitest": "vitest.mjs"
      },
      "engines": {
        "node": "^18.0.0 || >=20.0.0"
      },
      "funding": {
        "url": "https://opencollective.com/vitest"
      },
      "peerDependencies": {
        "@edge-runtime/vm": "*",
        "@types/node": "^18.0.0 || >=20.0.0",
        "@vitest/browser": "2.1.9",
        "@vitest/ui": "2.1.9",
        "happy-dom": "*",
        "jsdom": "*"
      },
      "peerDependenciesMeta": {
        "@edge-runtime/vm": {
          "optional": true
        },
        "@types/node": {
          "optional": true
        },
        "@vitest/browser": {
          "optional": true
        },
        "@vitest/ui": {
          "optional": true
        },
        "happy-dom": {
          "optional": true
        },
        "jsdom": {
          "optional": true
        }
      }
    },
    "node_modules/why-is-node-running": {
      "version": "2.3.0",
      "dev": true,
      "license": "MIT",
      "dependencies": {
        "siginfo": "^2.0.0",
        "stackback": "0.0.2"
      },
      "bin": {
        "why-is-node-running": "cli.js"
      },
      "engines": {
        "node": ">=8"
      }
    },
    "node_modules/wrap-ansi": {
      "version": "7.0.0",
      "dev": true,
      "license": "MIT",
      "dependencies": {
        "ansi-styles": "^4.0.0",
        "string-width": "^4.1.0",
        "strip-ansi": "^6.0.0"
      },
      "engines": {
        "node": ">=10"
      },
      "funding": {
        "url": "https://github.com/chalk/wrap-ansi?sponsor=1"
      }
    },
    "node_modules/ws": {
      "version": "8.20.0",
      "dev": true,
      "license": "MIT",
      "engines": {
        "node": ">=10.0.0"
      },
      "peerDependencies": {
        "bufferutil": "^4.0.1",
        "utf-8-validate": ">=5.0.2"
      },
      "peerDependenciesMeta": {
        "bufferutil": {
          "optional": true
        },
        "utf-8-validate": {
          "optional": true
        }
      }
    },
    "node_modules/y18n": {
      "version": "5.0.8",
      "dev": true,
      "license": "ISC",
      "engines": {
        "node": ">=10"
      }
    },
    "node_modules/yargs": {
      "version": "17.7.2",
      "dev": true,
      "license": "MIT",
      "dependencies": {
        "cliui": "^8.0.1",
        "escalade": "^3.1.1",
        "get-caller-file": "^2.0.5",
        "require-directory": "^2.1.1",
        "string-width": "^4.2.3",
        "y18n": "^5.0.5",
        "yargs-parser": "^21.1.1"
      },
      "engines": {
        "node": ">=12"
      }
    },
    "node_modules/yargs-parser": {
      "version": "21.1.1",
      "dev": true,
      "license": "ISC",
      "engines": {
        "node": ">=12"
      }
    }
  }
}
